
Microsoft Visual Studio Solution File, Format Version 11.00
# Visual Studio 2010
Project("{FAE04EC0-301F-11D3-BF4B-00C04F79EFBC}") = "Assembly-CSharp", "Assembly-CSharp.csproj", "{9f2648c1-7512-ac83-2c54-13b1cf1c036e}"
EndProject
Project("{FAE04EC0-301F-11D3-BF4B-00C04F79EFBC}") = "Assembly-CSharp-Editor", "Assembly-CSharp-Editor.csproj", "{ee1e2039-8f08-c7f7-daa9-73b07bbd1f7f}"
EndProject
Global
	GlobalSection(SolutionConfigurationPlatforms) = preSolution
		Debug|Any CPU = Debug|Any CPU
	EndGlobalSection
	GlobalSection(ProjectConfigurationPlatforms) = postSolution
		{9f2648c1-7512-ac83-2c54-13b1cf1c036e}.Debug|Any CPU.ActiveCfg = Debug|Any CPU
		{9f2648c1-7512-ac83-2c54-13b1cf1c036e}.Debug|Any CPU.Build.0 = Debug|Any CPU
		{ee1e2039-8f08-c7f7-daa9-73b07bbd1f7f}.Debug|Any CPU.ActiveCfg = Debug|Any CPU
		{ee1e2039-8f08-c7f7-daa9-73b07bbd1f7f}.Debug|Any CPU.Build.0 = Debug|Any CPU
	EndGlobalSection
	GlobalSection(SolutionProperties) = preSolution
		HideSolutionNode = FALSE
	EndGlobalSection
EndGlobal
